
Microsoft Visual Studio Solution File, Format Version 12.00
# Visual Studio Express 2012 for Windows Desktop
Project("{FAE04EC0-301F-11D3-BF4B-00C04F79EFBC}") = "Doz", "Doz\Doz.csproj", "{FE06A12B-390B-4CF9-9B4E-CCE8F813BA87}"
EndProject
Global
	GlobalSection(SolutionConfigurationPlatforms) = preSolution
		Debug|Any CPU = Debug|Any CPU
		Release|Any CPU = Release|Any CPU
	EndGlobalSection
	GlobalSection(ProjectConfigurationPlatforms) = postSolution
		{FE06A12B-390B-4CF9-9B4E-CCE8F813BA87}.Debug|Any CPU.ActiveCfg = Debug|Any CPU
		{FE06A12B-390B-4CF9-9B4E-CCE8F813BA87}.Debug|Any CPU.Build.0 = Debug|Any CPU
		{FE06A12B-390B-4CF9-9B4E-CCE8F813BA87}.Release|Any CPU.ActiveCfg = Release|Any CPU
		{FE06A12B-390B-4CF9-9B4E-CCE8F813BA87}.Release|Any CPU.Build.0 = Release|Any CPU
	EndGlobalSection
	GlobalSection(SolutionProperties) = preSolution
		HideSolutionNode = FALSE
	EndGlobalSection
EndGlobal
